
Microsoft Visual Studio Solution File, Format Version 12.00
# Visual Studio Version 17
VisualStudioVersion = 17.7.34031.279
MinimumVisualStudioVersion = 10.0.40219.1
Project("{9A19103F-16F7-4668-BE54-9A1E7A4F7556}") = "Training.WebUI", "Training.WebUI\Training.WebUI.csproj", "{77D63A6F-3464-4CE3-9AC2-BACEBEC0541A}"
EndProject
Project("{FAE04EC0-301F-11D3-BF4B-00C04F79EFBC}") = "Training.DataAccess", "Training.DataAccess\Training.DataAccess.csproj", "{B94DEBCF-8047-4256-B524-BF0B5790FA84}"
EndProject
Project("{FAE04EC0-301F-11D3-BF4B-00C04F79EFBC}") = "Training.Business", "Training.Business\Training.Business.csproj", "{D2C5E197-16C8-427A-88A6-5C49CCBB7597}"
EndProject
Project("{FAE04EC0-301F-11D3-BF4B-00C04F79EFBC}") = "Training.Entities", "Training.Entities\Training.Entities.csproj", "{7415BB06-C42C-4FFF-9484-F7E9FB809662}"
EndProject
Project("{FAE04EC0-301F-11D3-BF4B-00C04F79EFBC}") = "Training.WindowsForms", "Training.WindowsForms\Training.WindowsForms.csproj", "{FB464649-D319-48AB-82A7-F2BA02F3A388}"
EndProject
Global
	GlobalSection(SolutionConfigurationPlatforms) = preSolution
		Debug|Any CPU = Debug|Any CPU
		Release|Any CPU = Release|Any CPU
	EndGlobalSection
	GlobalSection(ProjectConfigurationPlatforms) = postSolution
		{77D63A6F-3464-4CE3-9AC2-BACEBEC0541A}.Debug|Any CPU.ActiveCfg = Debug|Any CPU
		{77D63A6F-3464-4CE3-9AC2-BACEBEC0541A}.Debug|Any CPU.Build.0 = Debug|Any CPU
		{77D63A6F-3464-4CE3-9AC2-BACEBEC0541A}.Release|Any CPU.ActiveCfg = Release|Any CPU
		{77D63A6F-3464-4CE3-9AC2-BACEBEC0541A}.Release|Any CPU.Build.0 = Release|Any CPU
		{B94DEBCF-8047-4256-B524-BF0B5790FA84}.Debug|Any CPU.ActiveCfg = Debug|Any CPU
		{B94DEBCF-8047-4256-B524-BF0B5790FA84}.Debug|Any CPU.Build.0 = Debug|Any CPU
		{B94DEBCF-8047-4256-B524-BF0B5790FA84}.Release|Any CPU.ActiveCfg = Release|Any CPU
		{B94DEBCF-8047-4256-B524-BF0B5790FA84}.Release|Any CPU.Build.0 = Release|Any CPU
		{D2C5E197-16C8-427A-88A6-5C49CCBB7597}.Debug|Any CPU.ActiveCfg = Debug|Any CPU
		{D2C5E197-16C8-427A-88A6-5C49CCBB7597}.Debug|Any CPU.Build.0 = Debug|Any CPU
		{D2C5E197-16C8-427A-88A6-5C49CCBB7597}.Release|Any CPU.ActiveCfg = Release|Any CPU
		{D2C5E197-16C8-427A-88A6-5C49CCBB7597}.Release|Any CPU.Build.0 = Release|Any CPU
		{7415BB06-C42C-4FFF-9484-F7E9FB809662}.Debug|Any CPU.ActiveCfg = Debug|Any CPU
		{7415BB06-C42C-4FFF-9484-F7E9FB809662}.Debug|Any CPU.Build.0 = Debug|Any CPU
		{7415BB06-C42C-4FFF-9484-F7E9FB809662}.Release|Any CPU.ActiveCfg = Release|Any CPU
		{7415BB06-C42C-4FFF-9484-F7E9FB809662}.Release|Any CPU.Build.0 = Release|Any CPU
		{FB464649-D319-48AB-82A7-F2BA02F3A388}.Debug|Any CPU.ActiveCfg = Debug|Any CPU
		{FB464649-D319-48AB-82A7-F2BA02F3A388}.Debug|Any CPU.Build.0 = Debug|Any CPU
		{FB464649-D319-48AB-82A7-F2BA02F3A388}.Release|Any CPU.ActiveCfg = Release|Any CPU
		{FB464649-D319-48AB-82A7-F2BA02F3A388}.Release|Any CPU.Build.0 = Release|Any CPU
	EndGlobalSection
	GlobalSection(SolutionProperties) = preSolution
		HideSolutionNode = FALSE
	EndGlobalSection
	GlobalSection(ExtensibilityGlobals) = postSolution
		SolutionGuid = {4F782D0E-7E33-49DE-ADE4-CD4EBADC5FDA}
	EndGlobalSection
EndGlobal
